
Microsoft Visual Studio Solution File, Format Version 12.00
# Visual Studio Version 17
VisualStudioVersion = 17.9.34728.123
MinimumVisualStudioVersion = 10.0.40219.1
Project("{9A19103F-16F7-4668-BE54-9A1E7A4F7556}") = "Desktop_Frens", "Desktop_Frens.csproj", "{8236539B-4E30-49C1-B9AD-0100138B5FA0}"
EndProject
Project("{2150E333-8FDC-42A3-9474-1A3956D46DE8}") = "Solution Items", "Solution Items", "{92197E7D-E641-4119-B7EA-1296ED0669A8}"
EndProject
Global
	GlobalSection(SolutionConfigurationPlatforms) = preSolution
		_DeBug|Any CPU = _DeBug|Any CPU
		_DeBug|x86 = _DeBug|x86
		Debug|Any CPU = Debug|Any CPU
		Debug|x86 = Debug|x86
		Release|Any CPU = Release|Any CPU
		Release|x86 = Release|x86
	EndGlobalSection
	GlobalSection(ProjectConfigurationPlatforms) = postSolution
		{8236539B-4E30-49C1-B9AD-0100138B5FA0}._DeBug|Any CPU.ActiveCfg = _DeBug|Any CPU
		{8236539B-4E30-49C1-B9AD-0100138B5FA0}._DeBug|Any CPU.Build.0 = _DeBug|Any CPU
		{8236539B-4E30-49C1-B9AD-0100138B5FA0}._DeBug|x86.ActiveCfg = _DeBug|x86
		{8236539B-4E30-49C1-B9AD-0100138B5FA0}._DeBug|x86.Build.0 = _DeBug|x86
		{8236539B-4E30-49C1-B9AD-0100138B5FA0}.Debug|Any CPU.ActiveCfg = Debug|Any CPU
		{8236539B-4E30-49C1-B9AD-0100138B5FA0}.Debug|Any CPU.Build.0 = Debug|Any CPU
		{8236539B-4E30-49C1-B9AD-0100138B5FA0}.Debug|x86.ActiveCfg = Debug|x86
		{8236539B-4E30-49C1-B9AD-0100138B5FA0}.Debug|x86.Build.0 = Debug|x86
		{8236539B-4E30-49C1-B9AD-0100138B5FA0}.Release|Any CPU.ActiveCfg = Release|Any CPU
		{8236539B-4E30-49C1-B9AD-0100138B5FA0}.Release|Any CPU.Build.0 = Release|Any CPU
		{8236539B-4E30-49C1-B9AD-0100138B5FA0}.Release|x86.ActiveCfg = Release|x86
		{8236539B-4E30-49C1-B9AD-0100138B5FA0}.Release|x86.Build.0 = Release|x86
	EndGlobalSection
	GlobalSection(SolutionProperties) = preSolution
		HideSolutionNode = FALSE
	EndGlobalSection
	GlobalSection(ExtensibilityGlobals) = postSolution
		SolutionGuid = {44C8EBA6-6359-48EC-ACFF-6AC24A7C82A6}
	EndGlobalSection
EndGlobal
