
Microsoft Visual Studio Solution File, Format Version 12.00
# Visual Studio Version 17
VisualStudioVersion = 17.9.34728.123
MinimumVisualStudioVersion = 10.0.40219.1
Project("{FAE04EC0-301F-11D3-BF4B-00C04F79EFBC}") = "Desktop_Frens", "Desktop_Frens.csproj", "{8236539B-4E30-49C1-B9AD-0100138B5FA0}"
EndProject
Project("{2150E333-8FDC-42A3-9474-1A3956D46DE8}") = "Solution Items", "Solution Items", "{92197E7D-E641-4119-B7EA-1296ED0669A8}"
	ProjectSection(SolutionItems) = preProject
		Class1.cs = Class1.cs
	EndProjectSection
EndProject
Global
	GlobalSection(SolutionConfigurationPlatforms) = preSolution
		Debug|Any CPU = Debug|Any CPU
		Release|Any CPU = Release|Any CPU
	EndGlobalSection
	GlobalSection(ProjectConfigurationPlatforms) = postSolution
		{8236539B-4E30-49C1-B9AD-0100138B5FA0}.Debug|Any CPU.ActiveCfg = Debug|Any CPU
		{8236539B-4E30-49C1-B9AD-0100138B5FA0}.Debug|Any CPU.Build.0 = Debug|Any CPU
		{8236539B-4E30-49C1-B9AD-0100138B5FA0}.Release|Any CPU.ActiveCfg = Release|Any CPU
		{8236539B-4E30-49C1-B9AD-0100138B5FA0}.Release|Any CPU.Build.0 = Release|Any CPU
	EndGlobalSection
	GlobalSection(SolutionProperties) = preSolution
		HideSolutionNode = FALSE
	EndGlobalSection
	GlobalSection(ExtensibilityGlobals) = postSolution
		SolutionGuid = {44C8EBA6-6359-48EC-ACFF-6AC24A7C82A6}
	EndGlobalSection
EndGlobal
